
Microsoft Visual Studio Solution File, Format Version 12.00
# Visual Studio Version 16
VisualStudioVersion = 16.0.33214.272
MinimumVisualStudioVersion = 10.0.40219.1
Project("{FAE04EC0-301F-11D3-BF4B-00C04F79EFBC}") = "ou-cs3203-assignment3", "ou-cs3203-assignment3\ou-cs3203-assignment3.csproj", "{DFABF7A4-30DF-4099-9514-22DD66B2DCF8}"
EndProject
Global
	GlobalSection(SolutionConfigurationPlatforms) = preSolution
		Debug|Any CPU = Debug|Any CPU
		Release|Any CPU = Release|Any CPU
	EndGlobalSection
	GlobalSection(ProjectConfigurationPlatforms) = postSolution
		{DFABF7A4-30DF-4099-9514-22DD66B2DCF8}.Debug|Any CPU.ActiveCfg = Debug|Any CPU
		{DFABF7A4-30DF-4099-9514-22DD66B2DCF8}.Debug|Any CPU.Build.0 = Debug|Any CPU
		{DFABF7A4-30DF-4099-9514-22DD66B2DCF8}.Release|Any CPU.ActiveCfg = Release|Any CPU
		{DFABF7A4-30DF-4099-9514-22DD66B2DCF8}.Release|Any CPU.Build.0 = Release|Any CPU
	EndGlobalSection
	GlobalSection(SolutionProperties) = preSolution
		HideSolutionNode = FALSE
	EndGlobalSection
	GlobalSection(ExtensibilityGlobals) = postSolution
		SolutionGuid = {BF323ED1-47C3-41C2-AF03-08AFE12BA8B3}
	EndGlobalSection
EndGlobal
